
Microsoft Visual Studio Solution File, Format Version 12.00
# Visual Studio Version 17
VisualStudioVersion = 17.0.31903.59
MinimumVisualStudioVersion = 10.0.40219.1
Project("{FAE04EC0-301F-11D3-BF4B-00C04F79EFBC}") = "Mnemosyne", "Mnemosyne\Mnemosyne.csproj", "{8CAD1AB4-62EB-4C16-85DB-B25093FA5C82}"
EndProject
Project("{FAE04EC0-301F-11D3-BF4B-00C04F79EFBC}") = "modChatRepository", "modChatRepository\modChatRepository.csproj", "{7DF9890A-23F6-472B-A8B8-E85770378A8A}"
EndProject
Project("{FAE04EC0-301F-11D3-BF4B-00C04F79EFBC}") = "modMnemosyneHub", "modMnemosyneHub\modMnemosyneHub.csproj", "{DF697D30-607B-4177-9711-A2A58D07388E}"
EndProject
Project("{FAE04EC0-301F-11D3-BF4B-00C04F79EFBC}") = "modMnemosyneJSONModels", "modMnemosyneJSONModels\modMnemosyneJSONModels.csproj", "{7DB2F9C5-33FC-40BE-A236-C0893298F1D4}"
EndProject
Project("{FAE04EC0-301F-11D3-BF4B-00C04F79EFBC}") = "modMnemosyneSignalRModels", "modMnemosyneSignalRModels\modMnemosyneSignalRModels.csproj", "{915ACF15-C0F6-4C7A-A793-28AB8A2E777B}"
EndProject
Project("{FAE04EC0-301F-11D3-BF4B-00C04F79EFBC}") = "modChatDataStore", "modChatDataStore\modChatDataStore.csproj", "{E4AFB107-9621-47E2-9214-9F26E541FE39}"
EndProject
Project("{FAE04EC0-301F-11D3-BF4B-00C04F79EFBC}") = "modMnemosyneHTTPClient", "modMnemosyneHTTPClient\modMnemosyneHTTPClient.csproj", "{E3486A6F-F1DE-4464-8C77-583186FCBEF2}"
EndProject
Project("{FAE04EC0-301F-11D3-BF4B-00C04F79EFBC}") = "Hermes", "Hermes\Hermes.csproj", "{B7B14904-E32D-4133-9868-210DD5F34AFD}"
EndProject
Global
	GlobalSection(SolutionConfigurationPlatforms) = preSolution
		Debug|Any CPU = Debug|Any CPU
		Debug|x64 = Debug|x64
		Debug|x86 = Debug|x86
		Release|Any CPU = Release|Any CPU
		Release|x64 = Release|x64
		Release|x86 = Release|x86
	EndGlobalSection
	GlobalSection(ProjectConfigurationPlatforms) = postSolution
		{8CAD1AB4-62EB-4C16-85DB-B25093FA5C82}.Debug|Any CPU.ActiveCfg = Debug|Any CPU
		{8CAD1AB4-62EB-4C16-85DB-B25093FA5C82}.Debug|Any CPU.Build.0 = Debug|Any CPU
		{8CAD1AB4-62EB-4C16-85DB-B25093FA5C82}.Debug|x64.ActiveCfg = Debug|Any CPU
		{8CAD1AB4-62EB-4C16-85DB-B25093FA5C82}.Debug|x64.Build.0 = Debug|Any CPU
		{8CAD1AB4-62EB-4C16-85DB-B25093FA5C82}.Debug|x86.ActiveCfg = Debug|Any CPU
		{8CAD1AB4-62EB-4C16-85DB-B25093FA5C82}.Debug|x86.Build.0 = Debug|Any CPU
		{8CAD1AB4-62EB-4C16-85DB-B25093FA5C82}.Release|Any CPU.ActiveCfg = Release|Any CPU
		{8CAD1AB4-62EB-4C16-85DB-B25093FA5C82}.Release|Any CPU.Build.0 = Release|Any CPU
		{8CAD1AB4-62EB-4C16-85DB-B25093FA5C82}.Release|x64.ActiveCfg = Release|Any CPU
		{8CAD1AB4-62EB-4C16-85DB-B25093FA5C82}.Release|x64.Build.0 = Release|Any CPU
		{8CAD1AB4-62EB-4C16-85DB-B25093FA5C82}.Release|x86.ActiveCfg = Release|Any CPU
		{8CAD1AB4-62EB-4C16-85DB-B25093FA5C82}.Release|x86.Build.0 = Release|Any CPU
		{7DF9890A-23F6-472B-A8B8-E85770378A8A}.Debug|Any CPU.ActiveCfg = Debug|Any CPU
		{7DF9890A-23F6-472B-A8B8-E85770378A8A}.Debug|Any CPU.Build.0 = Debug|Any CPU
		{7DF9890A-23F6-472B-A8B8-E85770378A8A}.Debug|x64.ActiveCfg = Debug|Any CPU
		{7DF9890A-23F6-472B-A8B8-E85770378A8A}.Debug|x64.Build.0 = Debug|Any CPU
		{7DF9890A-23F6-472B-A8B8-E85770378A8A}.Debug|x86.ActiveCfg = Debug|Any CPU
		{7DF9890A-23F6-472B-A8B8-E85770378A8A}.Debug|x86.Build.0 = Debug|Any CPU
		{7DF9890A-23F6-472B-A8B8-E85770378A8A}.Release|Any CPU.ActiveCfg = Release|Any CPU
		{7DF9890A-23F6-472B-A8B8-E85770378A8A}.Release|Any CPU.Build.0 = Release|Any CPU
		{7DF9890A-23F6-472B-A8B8-E85770378A8A}.Release|x64.ActiveCfg = Release|Any CPU
		{7DF9890A-23F6-472B-A8B8-E85770378A8A}.Release|x64.Build.0 = Release|Any CPU
		{7DF9890A-23F6-472B-A8B8-E85770378A8A}.Release|x86.ActiveCfg = Release|Any CPU
		{7DF9890A-23F6-472B-A8B8-E85770378A8A}.Release|x86.Build.0 = Release|Any CPU
		{DF697D30-607B-4177-9711-A2A58D07388E}.Debug|Any CPU.ActiveCfg = Debug|Any CPU
		{DF697D30-607B-4177-9711-A2A58D07388E}.Debug|Any CPU.Build.0 = Debug|Any CPU
		{DF697D30-607B-4177-9711-A2A58D07388E}.Debug|x64.ActiveCfg = Debug|Any CPU
		{DF697D30-607B-4177-9711-A2A58D07388E}.Debug|x64.Build.0 = Debug|Any CPU
		{DF697D30-607B-4177-9711-A2A58D07388E}.Debug|x86.ActiveCfg = Debug|Any CPU
		{DF697D30-607B-4177-9711-A2A58D07388E}.Debug|x86.Build.0 = Debug|Any CPU
		{DF697D30-607B-4177-9711-A2A58D07388E}.Release|Any CPU.ActiveCfg = Release|Any CPU
		{DF697D30-607B-4177-9711-A2A58D07388E}.Release|Any CPU.Build.0 = Release|Any CPU
		{DF697D30-607B-4177-9711-A2A58D07388E}.Release|x64.ActiveCfg = Release|Any CPU
		{DF697D30-607B-4177-9711-A2A58D07388E}.Release|x64.Build.0 = Release|Any CPU
		{DF697D30-607B-4177-9711-A2A58D07388E}.Release|x86.ActiveCfg = Release|Any CPU
		{DF697D30-607B-4177-9711-A2A58D07388E}.Release|x86.Build.0 = Release|Any CPU
		{7DB2F9C5-33FC-40BE-A236-C0893298F1D4}.Debug|Any CPU.ActiveCfg = Debug|Any CPU
		{7DB2F9C5-33FC-40BE-A236-C0893298F1D4}.Debug|Any CPU.Build.0 = Debug|Any CPU
		{7DB2F9C5-33FC-40BE-A236-C0893298F1D4}.Debug|x64.ActiveCfg = Debug|Any CPU
		{7DB2F9C5-33FC-40BE-A236-C0893298F1D4}.Debug|x64.Build.0 = Debug|Any CPU
		{7DB2F9C5-33FC-40BE-A236-C0893298F1D4}.Debug|x86.ActiveCfg = Debug|Any CPU
		{7DB2F9C5-33FC-40BE-A236-C0893298F1D4}.Debug|x86.Build.0 = Debug|Any CPU
		{7DB2F9C5-33FC-40BE-A236-C0893298F1D4}.Release|Any CPU.ActiveCfg = Release|Any CPU
		{7DB2F9C5-33FC-40BE-A236-C0893298F1D4}.Release|Any CPU.Build.0 = Release|Any CPU
		{7DB2F9C5-33FC-40BE-A236-C0893298F1D4}.Release|x64.ActiveCfg = Release|Any CPU
		{7DB2F9C5-33FC-40BE-A236-C0893298F1D4}.Release|x64.Build.0 = Release|Any CPU
		{7DB2F9C5-33FC-40BE-A236-C0893298F1D4}.Release|x86.ActiveCfg = Release|Any CPU
		{7DB2F9C5-33FC-40BE-A236-C0893298F1D4}.Release|x86.Build.0 = Release|Any CPU
		{915ACF15-C0F6-4C7A-A793-28AB8A2E777B}.Debug|Any CPU.ActiveCfg = Debug|Any CPU
		{915ACF15-C0F6-4C7A-A793-28AB8A2E777B}.Debug|Any CPU.Build.0 = Debug|Any CPU
		{915ACF15-C0F6-4C7A-A793-28AB8A2E777B}.Debug|x64.ActiveCfg = Debug|Any CPU
		{915ACF15-C0F6-4C7A-A793-28AB8A2E777B}.Debug|x64.Build.0 = Debug|Any CPU
		{915ACF15-C0F6-4C7A-A793-28AB8A2E777B}.Debug|x86.ActiveCfg = Debug|Any CPU
		{915ACF15-C0F6-4C7A-A793-28AB8A2E777B}.Debug|x86.Build.0 = Debug|Any CPU
		{915ACF15-C0F6-4C7A-A793-28AB8A2E777B}.Release|Any CPU.ActiveCfg = Release|Any CPU
		{915ACF15-C0F6-4C7A-A793-28AB8A2E777B}.Release|Any CPU.Build.0 = Release|Any CPU
		{915ACF15-C0F6-4C7A-A793-28AB8A2E777B}.Release|x64.ActiveCfg = Release|Any CPU
		{915ACF15-C0F6-4C7A-A793-28AB8A2E777B}.Release|x64.Build.0 = Release|Any CPU
		{915ACF15-C0F6-4C7A-A793-28AB8A2E777B}.Release|x86.ActiveCfg = Release|Any CPU
		{915ACF15-C0F6-4C7A-A793-28AB8A2E777B}.Release|x86.Build.0 = Release|Any CPU
		{E4AFB107-9621-47E2-9214-9F26E541FE39}.Debug|Any CPU.ActiveCfg = Debug|Any CPU
		{E4AFB107-9621-47E2-9214-9F26E541FE39}.Debug|Any CPU.Build.0 = Debug|Any CPU
		{E4AFB107-9621-47E2-9214-9F26E541FE39}.Debug|x64.ActiveCfg = Debug|Any CPU
		{E4AFB107-9621-47E2-9214-9F26E541FE39}.Debug|x64.Build.0 = Debug|Any CPU
		{E4AFB107-9621-47E2-9214-9F26E541FE39}.Debug|x86.ActiveCfg = Debug|Any CPU
		{E4AFB107-9621-47E2-9214-9F26E541FE39}.Debug|x86.Build.0 = Debug|Any CPU
		{E4AFB107-9621-47E2-9214-9F26E541FE39}.Release|Any CPU.ActiveCfg = Release|Any CPU
		{E4AFB107-9621-47E2-9214-9F26E541FE39}.Release|Any CPU.Build.0 = Release|Any CPU
		{E4AFB107-9621-47E2-9214-9F26E541FE39}.Release|x64.ActiveCfg = Release|Any CPU
		{E4AFB107-9621-47E2-9214-9F26E541FE39}.Release|x64.Build.0 = Release|Any CPU
		{E4AFB107-9621-47E2-9214-9F26E541FE39}.Release|x86.ActiveCfg = Release|Any CPU
		{E4AFB107-9621-47E2-9214-9F26E541FE39}.Release|x86.Build.0 = Release|Any CPU
		{E3486A6F-F1DE-4464-8C77-583186FCBEF2}.Debug|Any CPU.ActiveCfg = Debug|Any CPU
		{E3486A6F-F1DE-4464-8C77-583186FCBEF2}.Debug|Any CPU.Build.0 = Debug|Any CPU
		{E3486A6F-F1DE-4464-8C77-583186FCBEF2}.Debug|x64.ActiveCfg = Debug|Any CPU
		{E3486A6F-F1DE-4464-8C77-583186FCBEF2}.Debug|x64.Build.0 = Debug|Any CPU
		{E3486A6F-F1DE-4464-8C77-583186FCBEF2}.Debug|x86.ActiveCfg = Debug|Any CPU
		{E3486A6F-F1DE-4464-8C77-583186FCBEF2}.Debug|x86.Build.0 = Debug|Any CPU
		{E3486A6F-F1DE-4464-8C77-583186FCBEF2}.Release|Any CPU.ActiveCfg = Release|Any CPU
		{E3486A6F-F1DE-4464-8C77-583186FCBEF2}.Release|Any CPU.Build.0 = Release|Any CPU
		{E3486A6F-F1DE-4464-8C77-583186FCBEF2}.Release|x64.ActiveCfg = Release|Any CPU
		{E3486A6F-F1DE-4464-8C77-583186FCBEF2}.Release|x64.Build.0 = Release|Any CPU
		{E3486A6F-F1DE-4464-8C77-583186FCBEF2}.Release|x86.ActiveCfg = Release|Any CPU
		{E3486A6F-F1DE-4464-8C77-583186FCBEF2}.Release|x86.Build.0 = Release|Any CPU
		{B7B14904-E32D-4133-9868-210DD5F34AFD}.Debug|Any CPU.ActiveCfg = Debug|Any CPU
		{B7B14904-E32D-4133-9868-210DD5F34AFD}.Debug|Any CPU.Build.0 = Debug|Any CPU
		{B7B14904-E32D-4133-9868-210DD5F34AFD}.Debug|x64.ActiveCfg = Debug|Any CPU
		{B7B14904-E32D-4133-9868-210DD5F34AFD}.Debug|x64.Build.0 = Debug|Any CPU
		{B7B14904-E32D-4133-9868-210DD5F34AFD}.Debug|x86.ActiveCfg = Debug|Any CPU
		{B7B14904-E32D-4133-9868-210DD5F34AFD}.Debug|x86.Build.0 = Debug|Any CPU
		{B7B14904-E32D-4133-9868-210DD5F34AFD}.Release|Any CPU.ActiveCfg = Release|Any CPU
		{B7B14904-E32D-4133-9868-210DD5F34AFD}.Release|Any CPU.Build.0 = Release|Any CPU
		{B7B14904-E32D-4133-9868-210DD5F34AFD}.Release|x64.ActiveCfg = Release|Any CPU
		{B7B14904-E32D-4133-9868-210DD5F34AFD}.Release|x64.Build.0 = Release|Any CPU
		{B7B14904-E32D-4133-9868-210DD5F34AFD}.Release|x86.ActiveCfg = Release|Any CPU
		{B7B14904-E32D-4133-9868-210DD5F34AFD}.Release|x86.Build.0 = Release|Any CPU
	EndGlobalSection
	GlobalSection(SolutionProperties) = preSolution
		HideSolutionNode = FALSE
	EndGlobalSection
EndGlobal
